
Microsoft Visual Studio Solution File, Format Version 12.00
# Visual Studio Version 17
VisualStudioVersion = 17.4.33122.133
MinimumVisualStudioVersion = 10.0.40219.1
Project("{FAE04EC0-301F-11D3-BF4B-00C04F79EFBC}") = "ICExProject", "ICExProject\ICExProject.csproj", "{D6DBC065-6E3C-46DE-8AEE-E7E526092690}"
EndProject
Global
	GlobalSection(SolutionConfigurationPlatforms) = preSolution
		Debug|Any CPU = Debug|Any CPU
		Release|Any CPU = Release|Any CPU
	EndGlobalSection
	GlobalSection(ProjectConfigurationPlatforms) = postSolution
		{D6DBC065-6E3C-46DE-8AEE-E7E526092690}.Debug|Any CPU.ActiveCfg = Debug|Any CPU
		{D6DBC065-6E3C-46DE-8AEE-E7E526092690}.Debug|Any CPU.Build.0 = Debug|Any CPU
		{D6DBC065-6E3C-46DE-8AEE-E7E526092690}.Release|Any CPU.ActiveCfg = Release|Any CPU
		{D6DBC065-6E3C-46DE-8AEE-E7E526092690}.Release|Any CPU.Build.0 = Release|Any CPU
	EndGlobalSection
	GlobalSection(SolutionProperties) = preSolution
		HideSolutionNode = FALSE
	EndGlobalSection
	GlobalSection(ExtensibilityGlobals) = postSolution
		SolutionGuid = {4D16DA67-5408-4DD6-A2FA-3C14DE991FCE}
	EndGlobalSection
EndGlobal
